
Microsoft Visual Studio Solution File, Format Version 12.00
# Visual Studio Version 17
VisualStudioVersion = 17.0.31903.59
MinimumVisualStudioVersion = 10.0.40219.1
Project("{FAE04EC0-301F-11D3-BF4B-00C04F79EFBC}") = "PokeRemote.Server", "PokeRemote.Server\PokeRemote.Server.csproj", "{05856F16-5916-4B89-9BC1-E426058F46BA}"
EndProject
Project("{FAE04EC0-301F-11D3-BF4B-00C04F79EFBC}") = "PokeRemote.Core", "PokeRemote.Core\PokeRemote.Core.csproj", "{F7BB968D-8FCC-40C4-9C04-B19BD8712ECD}"
EndProject
Project("{FAE04EC0-301F-11D3-BF4B-00C04F79EFBC}") = "PokeRemote.Tests", "PokeRemote.Tests\PokeRemote.Tests.csproj", "{B51821CE-CA78-4672-A779-279B2F5E16E8}"
EndProject
Global
	GlobalSection(SolutionConfigurationPlatforms) = preSolution
		Debug|Any CPU = Debug|Any CPU
		Debug|x64 = Debug|x64
		Debug|x86 = Debug|x86
		Release|Any CPU = Release|Any CPU
		Release|x64 = Release|x64
		Release|x86 = Release|x86
	EndGlobalSection
	GlobalSection(ProjectConfigurationPlatforms) = postSolution
		{05856F16-5916-4B89-9BC1-E426058F46BA}.Debug|Any CPU.ActiveCfg = Debug|Any CPU
		{05856F16-5916-4B89-9BC1-E426058F46BA}.Debug|Any CPU.Build.0 = Debug|Any CPU
		{05856F16-5916-4B89-9BC1-E426058F46BA}.Debug|x64.ActiveCfg = Debug|Any CPU
		{05856F16-5916-4B89-9BC1-E426058F46BA}.Debug|x64.Build.0 = Debug|Any CPU
		{05856F16-5916-4B89-9BC1-E426058F46BA}.Debug|x86.ActiveCfg = Debug|Any CPU
		{05856F16-5916-4B89-9BC1-E426058F46BA}.Debug|x86.Build.0 = Debug|Any CPU
		{05856F16-5916-4B89-9BC1-E426058F46BA}.Release|Any CPU.ActiveCfg = Release|Any CPU
		{05856F16-5916-4B89-9BC1-E426058F46BA}.Release|Any CPU.Build.0 = Release|Any CPU
		{05856F16-5916-4B89-9BC1-E426058F46BA}.Release|x64.ActiveCfg = Release|Any CPU
		{05856F16-5916-4B89-9BC1-E426058F46BA}.Release|x64.Build.0 = Release|Any CPU
		{05856F16-5916-4B89-9BC1-E426058F46BA}.Release|x86.ActiveCfg = Release|Any CPU
		{05856F16-5916-4B89-9BC1-E426058F46BA}.Release|x86.Build.0 = Release|Any CPU
		{F7BB968D-8FCC-40C4-9C04-B19BD8712ECD}.Debug|Any CPU.ActiveCfg = Debug|Any CPU
		{F7BB968D-8FCC-40C4-9C04-B19BD8712ECD}.Debug|Any CPU.Build.0 = Debug|Any CPU
		{F7BB968D-8FCC-40C4-9C04-B19BD8712ECD}.Debug|x64.ActiveCfg = Debug|Any CPU
		{F7BB968D-8FCC-40C4-9C04-B19BD8712ECD}.Debug|x64.Build.0 = Debug|Any CPU
		{F7BB968D-8FCC-40C4-9C04-B19BD8712ECD}.Debug|x86.ActiveCfg = Debug|Any CPU
		{F7BB968D-8FCC-40C4-9C04-B19BD8712ECD}.Debug|x86.Build.0 = Debug|Any CPU
		{F7BB968D-8FCC-40C4-9C04-B19BD8712ECD}.Release|Any CPU.ActiveCfg = Release|Any CPU
		{F7BB968D-8FCC-40C4-9C04-B19BD8712ECD}.Release|Any CPU.Build.0 = Release|Any CPU
		{F7BB968D-8FCC-40C4-9C04-B19BD8712ECD}.Release|x64.ActiveCfg = Release|Any CPU
		{F7BB968D-8FCC-40C4-9C04-B19BD8712ECD}.Release|x64.Build.0 = Release|Any CPU
		{F7BB968D-8FCC-40C4-9C04-B19BD8712ECD}.Release|x86.ActiveCfg = Release|Any CPU
		{F7BB968D-8FCC-40C4-9C04-B19BD8712ECD}.Release|x86.Build.0 = Release|Any CPU
		{B51821CE-CA78-4672-A779-279B2F5E16E8}.Debug|Any CPU.ActiveCfg = Debug|Any CPU
		{B51821CE-CA78-4672-A779-279B2F5E16E8}.Debug|Any CPU.Build.0 = Debug|Any CPU
		{B51821CE-CA78-4672-A779-279B2F5E16E8}.Debug|x64.ActiveCfg = Debug|Any CPU
		{B51821CE-CA78-4672-A779-279B2F5E16E8}.Debug|x64.Build.0 = Debug|Any CPU
		{B51821CE-CA78-4672-A779-279B2F5E16E8}.Debug|x86.ActiveCfg = Debug|Any CPU
		{B51821CE-CA78-4672-A779-279B2F5E16E8}.Debug|x86.Build.0 = Debug|Any CPU
		{B51821CE-CA78-4672-A779-279B2F5E16E8}.Release|Any CPU.ActiveCfg = Release|Any CPU
		{B51821CE-CA78-4672-A779-279B2F5E16E8}.Release|Any CPU.Build.0 = Release|Any CPU
		{B51821CE-CA78-4672-A779-279B2F5E16E8}.Release|x64.ActiveCfg = Release|Any CPU
		{B51821CE-CA78-4672-A779-279B2F5E16E8}.Release|x64.Build.0 = Release|Any CPU
		{B51821CE-CA78-4672-A779-279B2F5E16E8}.Release|x86.ActiveCfg = Release|Any CPU
		{B51821CE-CA78-4672-A779-279B2F5E16E8}.Release|x86.Build.0 = Release|Any CPU
	EndGlobalSection
	GlobalSection(SolutionProperties) = preSolution
		HideSolutionNode = FALSE
	EndGlobalSection
EndGlobal
