
Microsoft Visual Studio Solution File, Format Version 12.00
# Visual Studio Version 17
VisualStudioVersion = 17.0.31903.59
MinimumVisualStudioVersion = 10.0.40219.1
Project("{FAE04EC0-301F-11D3-BF4B-00C04F79EFBC}") = "PokeRemote.Server", "PokeRemote.Server\PokeRemote.Server.csproj", "{B01E40A2-7D3E-4FE1-8CD1-521B5EC866FA}"
EndProject
Project("{FAE04EC0-301F-11D3-BF4B-00C04F79EFBC}") = "PokeRemote.Core", "PokeRemote.Core\PokeRemote.Core.csproj", "{8CEE5159-7223-4845-8806-93069893DCA8}"
EndProject
Project("{FAE04EC0-301F-11D3-BF4B-00C04F79EFBC}") = "PokeRemote.Tests", "PokeRemote.Tests\PokeRemote.Tests.csproj", "{908F0A2D-EDFC-4AF0-A843-7E9A4EBE8E49}"
EndProject
Global
	GlobalSection(SolutionConfigurationPlatforms) = preSolution
		Debug|Any CPU = Debug|Any CPU
		Debug|x64 = Debug|x64
		Debug|x86 = Debug|x86
		Release|Any CPU = Release|Any CPU
		Release|x64 = Release|x64
		Release|x86 = Release|x86
	EndGlobalSection
	GlobalSection(ProjectConfigurationPlatforms) = postSolution
		{B01E40A2-7D3E-4FE1-8CD1-521B5EC866FA}.Debug|Any CPU.ActiveCfg = Debug|Any CPU
		{B01E40A2-7D3E-4FE1-8CD1-521B5EC866FA}.Debug|Any CPU.Build.0 = Debug|Any CPU
		{B01E40A2-7D3E-4FE1-8CD1-521B5EC866FA}.Debug|x64.ActiveCfg = Debug|Any CPU
		{B01E40A2-7D3E-4FE1-8CD1-521B5EC866FA}.Debug|x64.Build.0 = Debug|Any CPU
		{B01E40A2-7D3E-4FE1-8CD1-521B5EC866FA}.Debug|x86.ActiveCfg = Debug|Any CPU
		{B01E40A2-7D3E-4FE1-8CD1-521B5EC866FA}.Debug|x86.Build.0 = Debug|Any CPU
		{B01E40A2-7D3E-4FE1-8CD1-521B5EC866FA}.Release|Any CPU.ActiveCfg = Release|Any CPU
		{B01E40A2-7D3E-4FE1-8CD1-521B5EC866FA}.Release|Any CPU.Build.0 = Release|Any CPU
		{B01E40A2-7D3E-4FE1-8CD1-521B5EC866FA}.Release|x64.ActiveCfg = Release|Any CPU
		{B01E40A2-7D3E-4FE1-8CD1-521B5EC866FA}.Release|x64.Build.0 = Release|Any CPU
		{B01E40A2-7D3E-4FE1-8CD1-521B5EC866FA}.Release|x86.ActiveCfg = Release|Any CPU
		{B01E40A2-7D3E-4FE1-8CD1-521B5EC866FA}.Release|x86.Build.0 = Release|Any CPU
		{8CEE5159-7223-4845-8806-93069893DCA8}.Debug|Any CPU.ActiveCfg = Debug|Any CPU
		{8CEE5159-7223-4845-8806-93069893DCA8}.Debug|Any CPU.Build.0 = Debug|Any CPU
		{8CEE5159-7223-4845-8806-93069893DCA8}.Debug|x64.ActiveCfg = Debug|Any CPU
		{8CEE5159-7223-4845-8806-93069893DCA8}.Debug|x64.Build.0 = Debug|Any CPU
		{8CEE5159-7223-4845-8806-93069893DCA8}.Debug|x86.ActiveCfg = Debug|Any CPU
		{8CEE5159-7223-4845-8806-93069893DCA8}.Debug|x86.Build.0 = Debug|Any CPU
		{8CEE5159-7223-4845-8806-93069893DCA8}.Release|Any CPU.ActiveCfg = Release|Any CPU
		{8CEE5159-7223-4845-8806-93069893DCA8}.Release|Any CPU.Build.0 = Release|Any CPU
		{8CEE5159-7223-4845-8806-93069893DCA8}.Release|x64.ActiveCfg = Release|Any CPU
		{8CEE5159-7223-4845-8806-93069893DCA8}.Release|x64.Build.0 = Release|Any CPU
		{8CEE5159-7223-4845-8806-93069893DCA8}.Release|x86.ActiveCfg = Release|Any CPU
		{8CEE5159-7223-4845-8806-93069893DCA8}.Release|x86.Build.0 = Release|Any CPU
		{908F0A2D-EDFC-4AF0-A843-7E9A4EBE8E49}.Debug|Any CPU.ActiveCfg = Debug|Any CPU
		{908F0A2D-EDFC-4AF0-A843-7E9A4EBE8E49}.Debug|Any CPU.Build.0 = Debug|Any CPU
		{908F0A2D-EDFC-4AF0-A843-7E9A4EBE8E49}.Debug|x64.ActiveCfg = Debug|Any CPU
		{908F0A2D-EDFC-4AF0-A843-7E9A4EBE8E49}.Debug|x64.Build.0 = Debug|Any CPU
		{908F0A2D-EDFC-4AF0-A843-7E9A4EBE8E49}.Debug|x86.ActiveCfg = Debug|Any CPU
		{908F0A2D-EDFC-4AF0-A843-7E9A4EBE8E49}.Debug|x86.Build.0 = Debug|Any CPU
		{908F0A2D-EDFC-4AF0-A843-7E9A4EBE8E49}.Release|Any CPU.ActiveCfg = Release|Any CPU
		{908F0A2D-EDFC-4AF0-A843-7E9A4EBE8E49}.Release|Any CPU.Build.0 = Release|Any CPU
		{908F0A2D-EDFC-4AF0-A843-7E9A4EBE8E49}.Release|x64.ActiveCfg = Release|Any CPU
		{908F0A2D-EDFC-4AF0-A843-7E9A4EBE8E49}.Release|x64.Build.0 = Release|Any CPU
		{908F0A2D-EDFC-4AF0-A843-7E9A4EBE8E49}.Release|x86.ActiveCfg = Release|Any CPU
		{908F0A2D-EDFC-4AF0-A843-7E9A4EBE8E49}.Release|x86.Build.0 = Release|Any CPU
	EndGlobalSection
	GlobalSection(SolutionProperties) = preSolution
		HideSolutionNode = FALSE
	EndGlobalSection
EndGlobal
