
Microsoft Visual Studio Solution File, Format Version 12.00
# Visual Studio Version 17
VisualStudioVersion = 17.0.31903.59
MinimumVisualStudioVersion = 10.0.40219.1
Project("{FAE04EC0-301F-11D3-BF4B-00C04F79EFBC}") = "PokeRemote.Server", "PokeRemote.Server\PokeRemote.Server.csproj", "{C368FBC8-7F7B-4561-934B-3E210F06C3FE}"
EndProject
Project("{FAE04EC0-301F-11D3-BF4B-00C04F79EFBC}") = "PokeRemote.Core", "PokeRemote.Core\PokeRemote.Core.csproj", "{9DB66F78-6249-4306-8164-F3538B36BC61}"
EndProject
Project("{FAE04EC0-301F-11D3-BF4B-00C04F79EFBC}") = "PokeRemote.Tests", "PokeRemote.Tests\PokeRemote.Tests.csproj", "{070D25ED-5565-4535-A8C4-8DD966318F00}"
EndProject
Global
	GlobalSection(SolutionConfigurationPlatforms) = preSolution
		Debug|Any CPU = Debug|Any CPU
		Debug|x64 = Debug|x64
		Debug|x86 = Debug|x86
		Release|Any CPU = Release|Any CPU
		Release|x64 = Release|x64
		Release|x86 = Release|x86
	EndGlobalSection
	GlobalSection(ProjectConfigurationPlatforms) = postSolution
		{C368FBC8-7F7B-4561-934B-3E210F06C3FE}.Debug|Any CPU.ActiveCfg = Debug|Any CPU
		{C368FBC8-7F7B-4561-934B-3E210F06C3FE}.Debug|Any CPU.Build.0 = Debug|Any CPU
		{C368FBC8-7F7B-4561-934B-3E210F06C3FE}.Debug|x64.ActiveCfg = Debug|Any CPU
		{C368FBC8-7F7B-4561-934B-3E210F06C3FE}.Debug|x64.Build.0 = Debug|Any CPU
		{C368FBC8-7F7B-4561-934B-3E210F06C3FE}.Debug|x86.ActiveCfg = Debug|Any CPU
		{C368FBC8-7F7B-4561-934B-3E210F06C3FE}.Debug|x86.Build.0 = Debug|Any CPU
		{C368FBC8-7F7B-4561-934B-3E210F06C3FE}.Release|Any CPU.ActiveCfg = Release|Any CPU
		{C368FBC8-7F7B-4561-934B-3E210F06C3FE}.Release|Any CPU.Build.0 = Release|Any CPU
		{C368FBC8-7F7B-4561-934B-3E210F06C3FE}.Release|x64.ActiveCfg = Release|Any CPU
		{C368FBC8-7F7B-4561-934B-3E210F06C3FE}.Release|x64.Build.0 = Release|Any CPU
		{C368FBC8-7F7B-4561-934B-3E210F06C3FE}.Release|x86.ActiveCfg = Release|Any CPU
		{C368FBC8-7F7B-4561-934B-3E210F06C3FE}.Release|x86.Build.0 = Release|Any CPU
		{9DB66F78-6249-4306-8164-F3538B36BC61}.Debug|Any CPU.ActiveCfg = Debug|Any CPU
		{9DB66F78-6249-4306-8164-F3538B36BC61}.Debug|Any CPU.Build.0 = Debug|Any CPU
		{9DB66F78-6249-4306-8164-F3538B36BC61}.Debug|x64.ActiveCfg = Debug|Any CPU
		{9DB66F78-6249-4306-8164-F3538B36BC61}.Debug|x64.Build.0 = Debug|Any CPU
		{9DB66F78-6249-4306-8164-F3538B36BC61}.Debug|x86.ActiveCfg = Debug|Any CPU
		{9DB66F78-6249-4306-8164-F3538B36BC61}.Debug|x86.Build.0 = Debug|Any CPU
		{9DB66F78-6249-4306-8164-F3538B36BC61}.Release|Any CPU.ActiveCfg = Release|Any CPU
		{9DB66F78-6249-4306-8164-F3538B36BC61}.Release|Any CPU.Build.0 = Release|Any CPU
		{9DB66F78-6249-4306-8164-F3538B36BC61}.Release|x64.ActiveCfg = Release|Any CPU
		{9DB66F78-6249-4306-8164-F3538B36BC61}.Release|x64.Build.0 = Release|Any CPU
		{9DB66F78-6249-4306-8164-F3538B36BC61}.Release|x86.ActiveCfg = Release|Any CPU
		{9DB66F78-6249-4306-8164-F3538B36BC61}.Release|x86.Build.0 = Release|Any CPU
		{070D25ED-5565-4535-A8C4-8DD966318F00}.Debug|Any CPU.ActiveCfg = Debug|Any CPU
		{070D25ED-5565-4535-A8C4-8DD966318F00}.Debug|Any CPU.Build.0 = Debug|Any CPU
		{070D25ED-5565-4535-A8C4-8DD966318F00}.Debug|x64.ActiveCfg = Debug|Any CPU
		{070D25ED-5565-4535-A8C4-8DD966318F00}.Debug|x64.Build.0 = Debug|Any CPU
		{070D25ED-5565-4535-A8C4-8DD966318F00}.Debug|x86.ActiveCfg = Debug|Any CPU
		{070D25ED-5565-4535-A8C4-8DD966318F00}.Debug|x86.Build.0 = Debug|Any CPU
		{070D25ED-5565-4535-A8C4-8DD966318F00}.Release|Any CPU.ActiveCfg = Release|Any CPU
		{070D25ED-5565-4535-A8C4-8DD966318F00}.Release|Any CPU.Build.0 = Release|Any CPU
		{070D25ED-5565-4535-A8C4-8DD966318F00}.Release|x64.ActiveCfg = Release|Any CPU
		{070D25ED-5565-4535-A8C4-8DD966318F00}.Release|x64.Build.0 = Release|Any CPU
		{070D25ED-5565-4535-A8C4-8DD966318F00}.Release|x86.ActiveCfg = Release|Any CPU
		{070D25ED-5565-4535-A8C4-8DD966318F00}.Release|x86.Build.0 = Release|Any CPU
	EndGlobalSection
	GlobalSection(SolutionProperties) = preSolution
		HideSolutionNode = FALSE
	EndGlobalSection
EndGlobal
